
Microsoft Visual Studio Solution File, Format Version 12.00
# Visual Studio Version 16
VisualStudioVersion = 16.0.32106.194
MinimumVisualStudioVersion = 10.0.40219.1
Project("{FAE04EC0-301F-11D3-BF4B-00C04F79EFBC}") = "BookStore", "BookStore\BookStore.csproj", "{9BD50D18-F85F-46C2-BC89-90ADA00F2AD9}"
EndProject
Global
	GlobalSection(SolutionConfigurationPlatforms) = preSolution
		Debug|Any CPU = Debug|Any CPU
		Release|Any CPU = Release|Any CPU
	EndGlobalSection
	GlobalSection(ProjectConfigurationPlatforms) = postSolution
		{9BD50D18-F85F-46C2-BC89-90ADA00F2AD9}.Debug|Any CPU.ActiveCfg = Debug|Any CPU
		{9BD50D18-F85F-46C2-BC89-90ADA00F2AD9}.Debug|Any CPU.Build.0 = Debug|Any CPU
		{9BD50D18-F85F-46C2-BC89-90ADA00F2AD9}.Release|Any CPU.ActiveCfg = Release|Any CPU
		{9BD50D18-F85F-46C2-BC89-90ADA00F2AD9}.Release|Any CPU.Build.0 = Release|Any CPU
	EndGlobalSection
	GlobalSection(SolutionProperties) = preSolution
		HideSolutionNode = FALSE
	EndGlobalSection
	GlobalSection(ExtensibilityGlobals) = postSolution
		SolutionGuid = {7A49144F-1F5F-463D-911A-89C24DB1A7C8}
	EndGlobalSection
EndGlobal
